
Microsoft Visual Studio Solution File, Format Version 12.00
# Visual Studio Version 17
VisualStudioVersion = 17.9.34723.18
MinimumVisualStudioVersion = 10.0.40219.1
Project("{FAE04EC0-301F-11D3-BF4B-00C04F79EFBC}") = "NotesLibary", "NotesLibary\NotesLibary.csproj", "{6B03742F-14F5-4993-BA10-1C45C4632A96}"
EndProject
Project("{FAE04EC0-301F-11D3-BF4B-00C04F79EFBC}") = "NotesApplication", "NotesApplication\NotesApplication.csproj", "{8C1FA8B2-B743-4E9A-B7D0-D7EEEA8289C5}"
EndProject
Global
	GlobalSection(SolutionConfigurationPlatforms) = preSolution
		Debug|Any CPU = Debug|Any CPU
		Release|Any CPU = Release|Any CPU
	EndGlobalSection
	GlobalSection(ProjectConfigurationPlatforms) = postSolution
		{6B03742F-14F5-4993-BA10-1C45C4632A96}.Debug|Any CPU.ActiveCfg = Debug|Any CPU
		{6B03742F-14F5-4993-BA10-1C45C4632A96}.Debug|Any CPU.Build.0 = Debug|Any CPU
		{6B03742F-14F5-4993-BA10-1C45C4632A96}.Release|Any CPU.ActiveCfg = Release|Any CPU
		{6B03742F-14F5-4993-BA10-1C45C4632A96}.Release|Any CPU.Build.0 = Release|Any CPU
		{8C1FA8B2-B743-4E9A-B7D0-D7EEEA8289C5}.Debug|Any CPU.ActiveCfg = Debug|Any CPU
		{8C1FA8B2-B743-4E9A-B7D0-D7EEEA8289C5}.Debug|Any CPU.Build.0 = Debug|Any CPU
		{8C1FA8B2-B743-4E9A-B7D0-D7EEEA8289C5}.Release|Any CPU.ActiveCfg = Release|Any CPU
		{8C1FA8B2-B743-4E9A-B7D0-D7EEEA8289C5}.Release|Any CPU.Build.0 = Release|Any CPU
	EndGlobalSection
	GlobalSection(SolutionProperties) = preSolution
		HideSolutionNode = FALSE
	EndGlobalSection
	GlobalSection(ExtensibilityGlobals) = postSolution
		SolutionGuid = {D71B6BB3-B02A-4677-93AE-67D1C618DA6D}
	EndGlobalSection
EndGlobal
